# This file is generated by running "yarn install" inside your project.
# Manual changes might be lost - proceed with caution!

__metadata:
  version: 10
  cacheKey: 10

"@emnapi/core@npm:1.11.3":
  version: 1.11.3
  resolution: "@emnapi/core@npm:1.11.3"
  dependencies:
    "@emnapi/wasi-threads": "npm:1.2.3"
    tslib: "npm:^2.4.0"
  checksum: 10/6ed871d5bbd0f6e25a09fe91583e886e4b90ae9344fa9292c78f0891b0b2a7d84899ea65a7d576450b9ac50440c698dad1907907e3d686ec9460ed876a9363a2
  languageName: node
  linkType: hard

"@emnapi/runtime@npm:1.11.3":
  version: 1.11.3
  resolution: "@emnapi/runtime@npm:1.11.3"
  dependencies:
    tslib: "npm:^2.4.0"
  checksum: 10/ec834cc0fe248e06dd84f6dee10162133f8a692636189e99aa992303c791d4be1679536ee91aeee6661c4478609768cee9c085acd858caa92784c67acaab44a5
  languageName: node
  linkType: hard

"@emnapi/wasi-threads@npm:1.2.3":
  version: 1.2.3
  resolution: "@emnapi/wasi-threads@npm:1.2.3"
  dependencies:
    tslib: "npm:^2.4.0"
  checksum: 10/d9fef5c321a6df1988e813e0b621ed1e01d274c23d3028ff9511af97f8935adc921ae60a35167ccf4e0414fecc040b66b9b13458e7c00cfaad622457e1b03529
  languageName: node
  linkType: hard

"@napi-rs/wasm-runtime@npm:1.1.6":
  version: 1.1.6
  resolution: "@napi-rs/wasm-runtime@npm:1.1.6"
  dependencies:
    "@tybys/wasm-util": "npm:^0.10.3"
  peerDependencies:
    "@emnapi/core": ^1.7.1
    "@emnapi/runtime": ^1.7.1
  checksum: 10/3e43425df17547d9d58ab69cce8e6cef38a062eccec4d2def5fc9e10e81cd19ae228b3ab9be4b149b57078d33913687511312d2414089877759b7db1f43625ba
  languageName: node
  linkType: hard

"@rspack/binding-darwin-arm64@npm:2.2.6":
  version: 2.2.6
  resolution: "@rspack/binding-darwin-arm64@npm:2.2.6"
  conditions: os=darwin & cpu=arm64
  languageName: node
  linkType: hard

"@rspack/binding-darwin-x64@npm:2.2.6":
  version: 2.2.6
  resolution: "@rspack/binding-darwin-x64@npm:2.2.6"
  conditions: os=darwin & cpu=x64
  languageName: node
  linkType: hard

"@rspack/binding-linux-arm64-gnu@npm:2.2.6":
  version: 2.2.6
  resolution: "@rspack/binding-linux-arm64-gnu@npm:2.2.6"
  conditions: os=linux & cpu=arm64 & libc=glibc
  languageName: node
  linkType: hard

"@rspack/binding-linux-arm64-musl@npm:2.2.6":
  version: 2.2.6
  resolution: "@rspack/binding-linux-arm64-musl@npm:2.2.6"
  conditions: os=linux & cpu=arm64 & libc=musl
  languageName: node
  linkType: hard

"@rspack/binding-linux-ppc64-gnu@npm:2.2.6":
  version: 2.2.6
  resolution: "@rspack/binding-linux-ppc64-gnu@npm:2.2.6"
  conditions: os=linux & cpu=ppc64 & libc=glibc
  languageName: node
  linkType: hard

"@rspack/binding-linux-riscv64-gnu@npm:2.2.6":
  version: 2.2.6
  resolution: "@rspack/binding-linux-riscv64-gnu@npm:2.2.6"
  conditions: os=linux & cpu=riscv64 & libc=glibc
  languageName: node
  linkType: hard

"@rspack/binding-linux-riscv64-musl@npm:2.2.6":
  version: 2.2.6
  resolution: "@rspack/binding-linux-riscv64-musl@npm:2.2.6"
  conditions: os=linux & cpu=riscv64 & libc=musl
  languageName: node
  linkType: hard

"@rspack/binding-linux-s390x-gnu@npm:2.2.6":
  version: 2.2.6
  resolution: "@rspack/binding-linux-s390x-gnu@npm:2.2.6"
  conditions: os=linux & cpu=s390x & libc=glibc
  languageName: node
  linkType: hard

"@rspack/binding-linux-x64-gnu@npm:2.2.6":
  version: 2.2.6
  resolution: "@rspack/binding-linux-x64-gnu@npm:2.2.6"
  conditions: os=linux & cpu=x64 & libc=glibc
  languageName: node
  linkType: hard

"@rspack/binding-linux-x64-musl@npm:2.2.6":
  version: 2.2.6
  resolution: "@rspack/binding-linux-x64-musl@npm:2.2.6"
  conditions: os=linux & cpu=x64 & libc=musl
  languageName: node
  linkType: hard

"@rspack/binding-wasm32-wasi@npm:2.2.6":
  version: 2.2.6
  resolution: "@rspack/binding-wasm32-wasi@npm:2.2.6"
  dependencies:
    "@emnapi/core": "npm:1.11.3"
    "@emnapi/runtime": "npm:1.11.3"
    "@napi-rs/wasm-runtime": "npm:1.1.6"
  conditions: cpu=wasm32
  languageName: node
  linkType: hard

"@rspack/binding-win32-arm64-msvc@npm:2.2.6":
  version: 2.2.6
  resolution: "@rspack/binding-win32-arm64-msvc@npm:2.2.6"
  conditions: os=win32 & cpu=arm64
  languageName: node
  linkType: hard

"@rspack/binding-win32-ia32-msvc@npm:2.2.6":
  version: 2.2.6
  resolution: "@rspack/binding-win32-ia32-msvc@npm:2.2.6"
  conditions: os=win32 & cpu=ia32
  languageName: node
  linkType: hard

"@rspack/binding-win32-x64-msvc@npm:2.2.6":
  version: 2.2.6
  resolution: "@rspack/binding-win32-x64-msvc@npm:2.2.6"
  conditions: os=win32 & cpu=x64
  languageName: node
  linkType: hard

"@rspack/binding@npm:2.2.6":
  version: 2.2.6
  resolution: "@rspack/binding@npm:2.2.6"
  dependencies:
    "@rspack/binding-darwin-arm64": "npm:2.2.6"
    "@rspack/binding-darwin-x64": "npm:2.2.6"
    "@rspack/binding-linux-arm64-gnu": "npm:2.2.6"
    "@rspack/binding-linux-arm64-musl": "npm:2.2.6"
    "@rspack/binding-linux-ppc64-gnu": "npm:2.2.6"
    "@rspack/binding-linux-riscv64-gnu": "npm:2.2.6"
    "@rspack/binding-linux-riscv64-musl": "npm:2.2.6"
    "@rspack/binding-linux-s390x-gnu": "npm:2.2.6"
    "@rspack/binding-linux-x64-gnu": "npm:2.2.6"
    "@rspack/binding-linux-x64-musl": "npm:2.2.6"
    "@rspack/binding-wasm32-wasi": "npm:2.2.6"
    "@rspack/binding-win32-arm64-msvc": "npm:2.2.6"
    "@rspack/binding-win32-ia32-msvc": "npm:2.2.6"
    "@rspack/binding-win32-x64-msvc": "npm:2.2.6"
  dependenciesMeta:
    "@rspack/binding-darwin-arm64":
      optional: true
    "@rspack/binding-darwin-x64":
      optional: true
    "@rspack/binding-linux-arm64-gnu":
      optional: true
    "@rspack/binding-linux-arm64-musl":
      optional: true
    "@rspack/binding-linux-ppc64-gnu":
      optional: true
    "@rspack/binding-linux-riscv64-gnu":
      optional: true
    "@rspack/binding-linux-riscv64-musl":
      optional: true
    "@rspack/binding-linux-s390x-gnu":
      optional: true
    "@rspack/binding-linux-x64-gnu":
      optional: true
    "@rspack/binding-linux-x64-musl":
      optional: true
    "@rspack/binding-wasm32-wasi":
      optional: true
    "@rspack/binding-win32-arm64-msvc":
      optional: true
    "@rspack/binding-win32-ia32-msvc":
      optional: true
    "@rspack/binding-win32-x64-msvc":
      optional: true
  checksum: 10/1cc1a8bf13edfaaffcaa703aaa629f3bcea76ea94ffed25c7bec8d88e704c7e5c78f2fadbf3975d85951e971304cd3624780afad52455d05b8c797d6ddf76309
  languageName: node
  linkType: hard

"@rspack/cli@npm:2.2.6":
  version: 2.2.6
  resolution: "@rspack/cli@npm:2.2.6"
  peerDependencies:
    "@rspack/core": ^2.0.0-0
    "@rspack/dev-server": ^2.0.0-0
  peerDependenciesMeta:
    "@rspack/dev-server":
      optional: true
  bin:
    rspack: ./bin/rspack.js
  checksum: 10/2b126b6621504ad0b7ae825cd17c083722860a383b4821391717b1f8c65f76cfb0ec9aa1c1c4606ac92341a8ee6e53860f18675bb53fb69e6021a98d0c5f3b92
  languageName: node
  linkType: hard

"@rspack/core@npm:2.2.6":
  version: 2.2.6
  resolution: "@rspack/core@npm:2.2.6"
  dependencies:
    "@rspack/binding": "npm:2.2.6"
  peerDependencies:
    "@module-federation/runtime-tools": ^0.24.1 || ^2.0.0
    "@swc/helpers": ^0.5.23
  peerDependenciesMeta:
    "@module-federation/runtime-tools":
      optional: true
    "@swc/helpers":
      optional: true
  checksum: 10/801e9ff0af9afa7e7fdba18703ce1ae59937686bbe49ae18307e18ab89a55063679e0f98f1e83a0e5bf1cfd35ba5e1d7bc48ec18e4dd8ea7a6704b1d73356c09
  languageName: node
  linkType: hard

"@rspack/dev-middleware@npm:^2.0.3":
  version: 2.0.4
  resolution: "@rspack/dev-middleware@npm:2.0.4"
  peerDependencies:
    "@rspack/core": ^2.0.0
  peerDependenciesMeta:
    "@rspack/core":
      optional: true
  checksum: 10/b3b7025fba927591a625a0cfa4a6d63ba9f03715a4fa2a7e839c9ff9881b43f61baa32f5fb5ca99b2b59b0ec9224b31c5487a946be262845f67315162c474817
  languageName: node
  linkType: hard

"@rspack/dev-server@npm:2.2.1":
  version: 2.2.1
  resolution: "@rspack/dev-server@npm:2.2.1"
  dependencies:
    "@rspack/dev-middleware": "npm:^2.0.3"
  peerDependencies:
    "@rspack/core": ^2.0.0
    selfsigned: ^5.0.0
  peerDependenciesMeta:
    selfsigned:
      optional: true
  checksum: 10/4ae7a1a5e3ce1dc03c3fa43832fb01f9153a0674474445051917de6d3bf874a10377b4eb95ec9df33ad817a92110c2fa5eeb791d75bcf8130c1d57309f2a29db
  languageName: node
  linkType: hard

"@rspack/plugin-react-refresh@npm:2.0.2":
  version: 2.0.2
  resolution: "@rspack/plugin-react-refresh@npm:2.0.2"
  peerDependencies:
    "@rspack/core": ^2.0.0
    react-refresh: ">=0.10.0 <1.0.0"
  peerDependenciesMeta:
    "@rspack/core":
      optional: true
  checksum: 10/bf1b129e4834a6ef61bfb170fb6a68b1e928dcc0c254756f8a892d331c0d33a311179fead3e30faad45b21402e4ff21ece2f0f7d887edfa542999427e6f0d45a
  languageName: node
  linkType: hard

"@tybys/wasm-util@npm:^0.10.3":
  version: 0.10.4
  resolution: "@tybys/wasm-util@npm:0.10.4"
  dependencies:
    tslib: "npm:^2.4.0"
  checksum: 10/da910a0439afad49a6427e4d16fcd5a52199cb471e07c262e1dd5ed7664908e6f142f4dca1b09895c53f4ca4402663042d760f41c9fa7ff33f76c662739646df
  languageName: node
  linkType: hard

"@types/react-dom@npm:19.3.0":
  version: 19.3.0
  resolution: "@types/react-dom@npm:19.3.0"
  peerDependencies:
    "@types/react": ^19.3.0
  checksum: 10/e24ee9948dc3a6c81e8aa4acf120a1194d3a3b68e97205b1e5e24e087b9f0c0c2e40b128fd258663ccb5889c852aeee558c0daa3255c3d82e0fc1c5d64c4b69a
  languageName: node
  linkType: hard

"@types/react@npm:19.3.0":
  version: 19.3.0
  resolution: "@types/react@npm:19.3.0"
  dependencies:
    csstype: "npm:^3.2.2"
  checksum: 10/2f4589222fd9c512e1ef78e65f334ade8777400add8ec0803fcc3a044761679b7984ba8410a890af24255383c3251a568bb692b60acfa22397ba0a64b2e032bf
  languageName: node
  linkType: hard

"csstype@npm:^3.2.2":
  version: 3.2.3
  resolution: "csstype@npm:3.2.3"
  checksum: 10/ad41baf7e2ffac65ab544d79107bf7cd1a4bb9bab9ac3302f59ab4ba655d5e30942a8ae46e10ba160c6f4ecea464cc95b975ca2fefbdeeacd6ac63f12f99fe1f
  languageName: node
  linkType: hard

"keywise_frontend@workspace:.":
  version: 0.0.0-use.local
  resolution: "keywise_frontend@workspace:."
  dependencies:
    "@rspack/cli": "npm:2.2.6"
    "@rspack/core": "npm:2.2.6"
    "@rspack/dev-server": "npm:2.2.1"
    "@rspack/plugin-react-refresh": "npm:2.0.2"
    "@types/react": "npm:19.3.0"
    "@types/react-dom": "npm:19.3.0"
    react: "npm:19.3.0"
    react-dom: "npm:19.3.0"
    react-refresh: "npm:0.19.0"
    typescript: "npm:6.0.3"
  languageName: unknown
  linkType: soft

"react-dom@npm:19.3.0":
  version: 19.3.0
  resolution: "react-dom@npm:19.3.0"
  dependencies:
    scheduler: "npm:^0.28.0"
  peerDependencies:
    react: ^19.3.0
  checksum: 10/fa6c6a3d0cca3f98280017936f818a1f9e474d61d1a64a7b02bfedabbf936234dd3752ba5b7f35efa7f2264c9a073ebace56cb2521e1cbfe7a50444a43ef5690
  languageName: node
  linkType: hard

"react-refresh@npm:0.19.0":
  version: 0.19.0
  resolution: "react-refresh@npm:0.19.0"
  checksum: 10/ec21ca69561017d555a9a1d194f1372e83b82ed0fb33180f2a082501b64c016a43453b1dde2c04bcacdef5c61133339395b79f072a490d90af48fb86b0cc2913
  languageName: node
  linkType: hard

"react@npm:19.3.0":
  version: 19.3.0
  resolution: "react@npm:19.3.0"
  checksum: 10/e98669f09750c41abb1bf020af67cc847e018c91a8c5413d3f40ddd737e3daef6e419bcd1521b113fda73fd667ae82d5f0e9d9e3ff462faeb82059c09e7f04b1
  languageName: node
  linkType: hard

"scheduler@npm:^0.28.0":
  version: 0.28.0
  resolution: "scheduler@npm:0.28.0"
  checksum: 10/2a936a3729df438bd42e6af7a16a62b83543796209c9d2e637f3d7b198bd5c25c5909478a9da4f66923d290e01997816338cf740587c440448863783bd33d31d
  languageName: node
  linkType: hard

"tslib@npm:^2.4.0":
  version: 2.8.1
  resolution: "tslib@npm:2.8.1"
  checksum: 10/3e2e043d5c2316461cb54e5c7fe02c30ef6dccb3384717ca22ae5c6b5bc95232a6241df19c622d9c73b809bea33b187f6dbc73030963e29950c2141bc32a79f7
  languageName: node
  linkType: hard

"typescript@npm:6.0.3":
  version: 6.0.3
  resolution: "typescript@npm:6.0.3"
  bin:
    tsc: bin/tsc
    tsserver: bin/tsserver
  checksum: 10/0ef2357a4cffd916b52b683a021cdab0f81eea4e9aa35f2d254581c9a5106da02224e3392e1b0ed42b7a48f80c966e5f52b8e1a27941fa0523c1705a9c2e0330
  languageName: node
  linkType: hard

"typescript@patch:typescript@npm%3A6.0.3#optional!builtin<compat/typescript>":
  version: 6.0.3
  resolution: "typescript@patch:typescript@npm%3A6.0.3#optional!builtin<compat/typescript>::version=6.0.3&hash=5786d5"
  bin:
    tsc: bin/tsc
    tsserver: bin/tsserver
  checksum: 10/22b67a18dafedf9b1468b64ca20d9aa02ea61d449b65413d8aa6552aeb63f52ef369e86beb25b6b4c91a803d9726ee5c196f391a9b64201263263410a4223ee6
  languageName: node
  linkType: hard
